{
  "nodes": {
    "foundry-dev": {
      "inputs": {
        "nixpkgs": "nixpkgs"
      },
      "locked": {
        "lastModified": 1790348666,
        "narHash": "sha256-54ruynHAc7msd603/vPRv7f+uODWtRReTDZTnSRFIcU=",
        "owner": "michalzc",
        "repo": "foundry-dev",
        "rev": "33423c4bf2b4b50fa7db560526e575249e8fd54d",
        "type": "github"
      },
      "original": {
        "owner": "michalzc",
        "repo": "foundry-dev",
        "type": "github"
      }
    },
    "nixpkgs": {
      "locked": {
        "lastModified": 1789785513,
        "narHash": "sha256-B44WL6h0XoLjJ41bUPJk0X5SDinLCII//6EcBLXKiJ0=",
        "owner": "NixOS",
        "repo": "nixpkgs",
        "rev": "20b1ddd1aa5ace70c9468305030aa4f9ef79671b",
        "type": "github"
      },
      "original": {
        "owner": "NixOS",
        "ref": "nixos-unstable",
        "repo": "nixpkgs",
        "type": "github"
      }
    },
    "root": {
      "inputs": {
        "foundry-dev": "foundry-dev",
        "nixpkgs": [
          "foundry-dev",
          "nixpkgs"
        ]
      }
    }
  },
  "root": "root",
  "version": 7
}
