{
  "nodes": {
    "foundry-dev": {
      "inputs": {
        "nixpkgs": "nixpkgs"
      },
      "locked": {
        "lastModified": 1790939111,
        "narHash": "sha256-iLLI9yBTIj8RqLAttVFybmFMDcytvUKXczYu2iqkFwE=",
        "owner": "michalzc",
        "repo": "foundry-dev",
        "rev": "d058ebf35b853c9687f9ba43ba6bf7c0aae24ffd",
        "type": "github"
      },
      "original": {
        "owner": "michalzc",
        "repo": "foundry-dev",
        "type": "github"
      }
    },
    "nixpkgs": {
      "locked": {
        "lastModified": 1790822859,
        "narHash": "sha256-69xHQhAeMAD2wDXO7T2pcOZIF9Sga2W+JkmY2a11Ops=",
        "owner": "NixOS",
        "repo": "nixpkgs",
        "rev": "c59305bab2065cfecc4944690d9eedbb56f3a9fa",
        "type": "github"
      },
      "original": {
        "owner": "NixOS",
        "ref": "nixos-unstable",
        "repo": "nixpkgs",
        "type": "github"
      }
    },
    "root": {
      "inputs": {
        "foundry-dev": "foundry-dev",
        "nixpkgs": [
          "foundry-dev",
          "nixpkgs"
        ]
      }
    }
  },
  "root": "root",
  "version": 7
}
